
Microsoft Visual Studio Solution File, Format Version 12.00
# Visual Studio Version 17
VisualStudioVersion = 17.10.34916.146
MinimumVisualStudioVersion = 10.0.40219.1
Project("{FAE04EC0-301F-11D3-BF4B-00C04F79EFBC}") = "FileFilestream", "FileFilestream.csproj", "{278D2E75-314F-4C31-82CF-ACAF46B6D5EB}"
EndProject
Global
	GlobalSection(SolutionConfigurationPlatforms) = preSolution
		Debug|Any CPU = Debug|Any CPU
		Release|Any CPU = Release|Any CPU
	EndGlobalSection
	GlobalSection(ProjectConfigurationPlatforms) = postSolution
		{278D2E75-314F-4C31-82CF-ACAF46B6D5EB}.Debug|Any CPU.ActiveCfg = Debug|Any CPU
		{278D2E75-314F-4C31-82CF-ACAF46B6D5EB}.Debug|Any CPU.Build.0 = Debug|Any CPU
		{278D2E75-314F-4C31-82CF-ACAF46B6D5EB}.Release|Any CPU.ActiveCfg = Release|Any CPU
		{278D2E75-314F-4C31-82CF-ACAF46B6D5EB}.Release|Any CPU.Build.0 = Release|Any CPU
	EndGlobalSection
	GlobalSection(SolutionProperties) = preSolution
		HideSolutionNode = FALSE
	EndGlobalSection
	GlobalSection(ExtensibilityGlobals) = postSolution
		SolutionGuid = {CB64C3CD-E127-4F17-B371-EBA1C8E111AF}
	EndGlobalSection
EndGlobal
